// !$*UTF8*$!
{
	archiveVersion = 1;
	classes = {
	};
	objectVersion = 56;
	objects = {

/* Begin PBXBuildFile section */
		057E221B2CD82B63003A6B33 /* DoublyList.cpp in Sources */ = {isa = PBXBuildFile; fileRef = 057E22192CD82B63003A6B33 /* DoublyList.cpp */; };
		057E221D2CD82B91003A6B33 /* test.cpp in Sources */ = {isa = PBXBuildFile; fileRef = 057E221C2CD82B91003A6B33 /* test.cpp */; };
		05AFEE032CCD719900505DB2 /* Ex1.cpp in Sources */ = {isa = PBXBuildFile; fileRef = 05AFEE022CCD719900505DB2 /* Ex1.cpp */; };
		05E6B32C2CCA3ACF000A51F2 /* main.cpp in Sources */ = {isa = PBXBuildFile; fileRef = 05E6B32B2CCA3ACF000A51F2 /* main.cpp */; };
		05E6B3352CCA4433000A51F2 /* User.cpp in Sources */ = {isa = PBXBuildFile; fileRef = 05E6B3332CCA4433000A51F2 /* User.cpp */; };
		05F39F492CE3F3EC004A5D74 /* Article.cpp in Sources */ = {isa = PBXBuildFile; fileRef = 05F39F472CE3F3EC004A5D74 /* Article.cpp */; };
		05F39F4D2CE408EB004A5D74 /* Stock.cpp in Sources */ = {isa = PBXBuildFile; fileRef = 05F39F4B2CE408EB004A5D74 /* Stock.cpp */; };
/* End PBXBuildFile section */

/* Begin PBXCopyFilesBuildPhase section */
		05E6B3262CCA3ACF000A51F2 /* CopyFiles */ = {
			isa = PBXCopyFilesBuildPhase;
			buildActionMask = 2147483647;
			dstPath = /usr/share/man/man1/;
			dstSubfolderSpec = 0;
			files = (
			);
			runOnlyForDeploymentPostprocessing = 1;
		};
/* End PBXCopyFilesBuildPhase section */

/* Begin PBXFileReference section */
		054DC4AD2CF87849004B45F1 /* String.cpp */ = {isa = PBXFileReference; lastKnownFileType = sourcecode.cpp.cpp; path = String.cpp; sourceTree = "<group>"; };
		054DC4AE2CF87849004B45F1 /* String.hpp */ = {isa = PBXFileReference; lastKnownFileType = sourcecode.cpp.h; path = String.hpp; sourceTree = "<group>"; };
		054DC4AF2CF87849004B45F1 /* main.cpp */ = {isa = PBXFileReference; lastKnownFileType = sourcecode.cpp.cpp; path = main.cpp; sourceTree = "<group>"; };
		057E22192CD82B63003A6B33 /* DoublyList.cpp */ = {isa = PBXFileReference; lastKnownFileType = sourcecode.cpp.cpp; path = DoublyList.cpp; sourceTree = "<group>"; };
		057E221A2CD82B63003A6B33 /* DoublyList.hpp */ = {isa = PBXFileReference; lastKnownFileType = sourcecode.cpp.h; path = DoublyList.hpp; sourceTree = "<group>"; };
		057E221C2CD82B91003A6B33 /* test.cpp */ = {isa = PBXFileReference; lastKnownFileType = sourcecode.cpp.cpp; path = test.cpp; sourceTree = "<group>"; };
		05AFEE022CCD719900505DB2 /* Ex1.cpp */ = {isa = PBXFileReference; lastKnownFileType = sourcecode.cpp.cpp; path = Ex1.cpp; sourceTree = "<group>"; };
		05BEA51C2CE552ED00FDE164 /* Lager.csv */ = {isa = PBXFileReference; lastKnownFileType = text; path = Lager.csv; sourceTree = "<group>"; };
		05E6B3282CCA3ACF000A51F2 /* Task1 */ = {isa = PBXFileReference; explicitFileType = "compiled.mach-o.executable"; includeInIndex = 0; path = Task1; sourceTree = BUILT_PRODUCTS_DIR; };
		05E6B32B2CCA3ACF000A51F2 /* main.cpp */ = {isa = PBXFileReference; lastKnownFileType = sourcecode.cpp.cpp; path = main.cpp; sourceTree = "<group>"; };
		05E6B3332CCA4433000A51F2 /* User.cpp */ = {isa = PBXFileReference; lastKnownFileType = sourcecode.cpp.cpp; path = User.cpp; sourceTree = "<group>"; };
		05E6B3342CCA4433000A51F2 /* User.hpp */ = {isa = PBXFileReference; lastKnownFileType = sourcecode.cpp.h; path = User.hpp; sourceTree = "<group>"; };
		05F39F472CE3F3EC004A5D74 /* Article.cpp */ = {isa = PBXFileReference; lastKnownFileType = sourcecode.cpp.cpp; path = Article.cpp; sourceTree = "<group>"; };
		05F39F482CE3F3EC004A5D74 /* Article.hpp */ = {isa = PBXFileReference; lastKnownFileType = sourcecode.cpp.h; path = Article.hpp; sourceTree = "<group>"; };
		05F39F4B2CE408EB004A5D74 /* Stock.cpp */ = {isa = PBXFileReference; lastKnownFileType = sourcecode.cpp.cpp; path = Stock.cpp; sourceTree = "<group>"; };
		05F39F4C2CE408EB004A5D74 /* Stock.hpp */ = {isa = PBXFileReference; lastKnownFileType = sourcecode.cpp.h; path = Stock.hpp; sourceTree = "<group>"; };
/* End PBXFileReference section */

/* Begin PBXFrameworksBuildPhase section */
		05E6B3252CCA3ACF000A51F2 /* Frameworks */ = {
			isa = PBXFrameworksBuildPhase;
			buildActionMask = 2147483647;
			files = (
			);
			runOnlyForDeploymentPostprocessing = 0;
		};
/* End PBXFrameworksBuildPhase section */

/* Begin PBXGroup section */
		054DC4A82CF87849004B45F1 /* Assignment4 */ = {
			isa = PBXGroup;
			children = (
				054DC4AC2CF87849004B45F1 /* Assignment4 */,
			);
			path = Assignment4;
			sourceTree = "<group>";
		};
		054DC4AC2CF87849004B45F1 /* Assignment4 */ = {
			isa = PBXGroup;
			children = (
				054DC4AD2CF87849004B45F1 /* String.cpp */,
				054DC4AE2CF87849004B45F1 /* String.hpp */,
				054DC4AF2CF87849004B45F1 /* main.cpp */,
			);
			path = Assignment4;
			sourceTree = "<group>";
		};
		057E22182CD82B3B003A6B33 /* Exercise2.2 */ = {
			isa = PBXGroup;
			children = (
				057E22192CD82B63003A6B33 /* DoublyList.cpp */,
				057E221A2CD82B63003A6B33 /* DoublyList.hpp */,
				057E221C2CD82B91003A6B33 /* test.cpp */,
			);
			path = Exercise2.2;
			sourceTree = "<group>";
		};
		05AFEE042CCD71E600505DB2 /* Exercise1.1 */ = {
			isa = PBXGroup;
			children = (
				05AFEE022CCD719900505DB2 /* Ex1.cpp */,
			);
			path = Exercise1.1;
			sourceTree = "<group>";
		};
		05E6B31F2CCA3ACF000A51F2 = {
			isa = PBXGroup;
			children = (
				054DC4A82CF87849004B45F1 /* Assignment4 */,
				05F39F462CE3F378004A5D74 /* Exercise3 */,
				057E22182CD82B3B003A6B33 /* Exercise2.2 */,
				05AFEE042CCD71E600505DB2 /* Exercise1.1 */,
				05E6B32A2CCA3ACF000A51F2 /* Main */,
				05E6B3292CCA3ACF000A51F2 /* Products */,
			);
			sourceTree = "<group>";
		};
		05E6B3292CCA3ACF000A51F2 /* Products */ = {
			isa = PBXGroup;
			children = (
				05E6B3282CCA3ACF000A51F2 /* Task1 */,
			);
			name = Products;
			sourceTree = "<group>";
		};
		05E6B32A2CCA3ACF000A51F2 /* Main */ = {
			isa = PBXGroup;
			children = (
				05BEA51C2CE552ED00FDE164 /* Lager.csv */,
				05E6B32B2CCA3ACF000A51F2 /* main.cpp */,
				05E6B3332CCA4433000A51F2 /* User.cpp */,
				05E6B3342CCA4433000A51F2 /* User.hpp */,
			);
			path = Main;
			sourceTree = "<group>";
		};
		05F39F462CE3F378004A5D74 /* Exercise3 */ = {
			isa = PBXGroup;
			children = (
				05F39F472CE3F3EC004A5D74 /* Article.cpp */,
				05F39F482CE3F3EC004A5D74 /* Article.hpp */,
				05F39F4B2CE408EB004A5D74 /* Stock.cpp */,
				05F39F4C2CE408EB004A5D74 /* Stock.hpp */,
			);
			path = Exercise3;
			sourceTree = "<group>";
		};
/* End PBXGroup section */

/* Begin PBXNativeTarget section */
		05E6B3272CCA3ACF000A51F2 /* Task1 */ = {
			isa = PBXNativeTarget;
			buildConfigurationList = 05E6B32F2CCA3ACF000A51F2 /* Build configuration list for PBXNativeTarget "Task1" */;
			buildPhases = (
				05E6B3242CCA3ACF000A51F2 /* Sources */,
				05E6B3252CCA3ACF000A51F2 /* Frameworks */,
				05E6B3262CCA3ACF000A51F2 /* CopyFiles */,
			);
			buildRules = (
			);
			dependencies = (
			);
			name = Task1;
			productName = Task1;
			productReference = 05E6B3282CCA3ACF000A51F2 /* Task1 */;
			productType = "com.apple.product-type.tool";
		};
/* End PBXNativeTarget section */

/* Begin PBXProject section */
		05E6B3202CCA3ACF000A51F2 /* Project object */ = {
			isa = PBXProject;
			attributes = {
				BuildIndependentTargetsInParallel = 1;
				LastUpgradeCheck = 1520;
				TargetAttributes = {
					05E6B3272CCA3ACF000A51F2 = {
						CreatedOnToolsVersion = 15.2;
					};
				};
			};
			buildConfigurationList = 05E6B3232CCA3ACF000A51F2 /* Build configuration list for PBXProject "Task1" */;
			compatibilityVersion = "Xcode 14.0";
			developmentRegion = en;
			hasScannedForEncodings = 0;
			knownRegions = (
				en,
				Base,
			);
			mainGroup = 05E6B31F2CCA3ACF000A51F2;
			productRefGroup = 05E6B3292CCA3ACF000A51F2 /* Products */;
			projectDirPath = "";
			projectRoot = "";
			targets = (
				05E6B3272CCA3ACF000A51F2 /* Task1 */,
			);
		};
/* End PBXProject section */

/* Begin PBXSourcesBuildPhase section */
		05E6B3242CCA3ACF000A51F2 /* Sources */ = {
			isa = PBXSourcesBuildPhase;
			buildActionMask = 2147483647;
			files = (
				05AFEE032CCD719900505DB2 /* Ex1.cpp in Sources */,
				05E6B3352CCA4433000A51F2 /* User.cpp in Sources */,
				057E221B2CD82B63003A6B33 /* DoublyList.cpp in Sources */,
				057E221D2CD82B91003A6B33 /* test.cpp in Sources */,
				05F39F4D2CE408EB004A5D74 /* Stock.cpp in Sources */,
				05F39F492CE3F3EC004A5D74 /* Article.cpp in Sources */,
				05E6B32C2CCA3ACF000A51F2 /* main.cpp in Sources */,
			);
			runOnlyForDeploymentPostprocessing = 0;
		};
/* End PBXSourcesBuildPhase section */

/* Begin XCBuildConfiguration section */
		05E6B32D2CCA3ACF000A51F2 /* Debug */ = {
			isa = XCBuildConfiguration;
			buildSettings = {
				ALWAYS_SEARCH_USER_PATHS = NO;
				ASSETCATALOG_COMPILER_GENERATE_SWIFT_ASSET_SYMBOL_EXTENSIONS = YES;
				CLANG_ANALYZER_NONNULL = YES;
				CLANG_ANALYZER_NUMBER_OBJECT_CONVERSION = YES_AGGRESSIVE;
				CLANG_CXX_LANGUAGE_STANDARD = "gnu++20";
				CLANG_ENABLE_MODULES = YES;
				CLANG_ENABLE_OBJC_ARC = YES;
				CLANG_ENABLE_OBJC_WEAK = YES;
				CLANG_WARN_BLOCK_CAPTURE_AUTORELEASING = YES;
				CLANG_WARN_BOOL_CONVERSION = YES;
				CLANG_WARN_COMMA = YES;
				CLANG_WARN_CONSTANT_CONVERSION = YES;
				CLANG_WARN_DEPRECATED_OBJC_IMPLEMENTATIONS = YES;
				CLANG_WARN_DIRECT_OBJC_ISA_USAGE = YES_ERROR;
				CLANG_WARN_DOCUMENTATION_COMMENTS = YES;
				CLANG_WARN_EMPTY_BODY = YES;
				CLANG_WARN_ENUM_CONVERSION = YES;
				CLANG_WARN_INFINITE_RECURSION = YES;
				CLANG_WARN_INT_CONVERSION = YES;
				CLANG_WARN_NON_LITERAL_NULL_CONVERSION = YES;
				CLANG_WARN_OBJC_IMPLICIT_RETAIN_SELF = YES;
				CLANG_WARN_OBJC_LITERAL_CONVERSION = YES;
				CLANG_WARN_OBJC_ROOT_CLASS = YES_ERROR;
				CLANG_WARN_QUOTED_INCLUDE_IN_FRAMEWORK_HEADER = YES;
				CLANG_WARN_RANGE_LOOP_ANALYSIS = YES;
				CLANG_WARN_STRICT_PROTOTYPES = YES;
				CLANG_WARN_SUSPICIOUS_MOVE = YES;
				CLANG_WARN_UNGUARDED_AVAILABILITY = YES_AGGRESSIVE;
				CLANG_WARN_UNREACHABLE_CODE = YES;
				CLANG_WARN__DUPLICATE_METHOD_MATCH = YES;
				COPY_PHASE_STRIP = NO;
				DEBUG_INFORMATION_FORMAT = dwarf;
				ENABLE_STRICT_OBJC_MSGSEND = YES;
				ENABLE_TESTABILITY = YES;
				ENABLE_USER_SCRIPT_SANDBOXING = YES;
				GCC_C_LANGUAGE_STANDARD = gnu17;
				GCC_DYNAMIC_NO_PIC = NO;
				GCC_NO_COMMON_BLOCKS = YES;
				GCC_OPTIMIZATION_LEVEL = 0;
				GCC_PREPROCESSOR_DEFINITIONS = (
					"DEBUG=1",
					"$(inherited)",
				);
				GCC_WARN_64_TO_32_BIT_CONVERSION = YES;
				GCC_WARN_ABOUT_RETURN_TYPE = YES_ERROR;
				GCC_WARN_UNDECLARED_SELECTOR = YES;
				GCC_WARN_UNINITIALIZED_AUTOS = YES_AGGRESSIVE;
				GCC_WARN_UNUSED_FUNCTION = YES;
				GCC_WARN_UNUSED_VARIABLE = YES;
				LOCALIZATION_PREFERS_STRING_CATALOGS = YES;
				MACOSX_DEPLOYMENT_TARGET = 13.6;
				MTL_ENABLE_DEBUG_INFO = INCLUDE_SOURCE;
				MTL_FAST_MATH = YES;
				ONLY_ACTIVE_ARCH = YES;
				SDKROOT = macosx;
			};
			name = Debug;
		};
		05E6B32E2CCA3ACF000A51F2 /* Release */ = {
			isa = XCBuildConfiguration;
			buildSettings = {
				ALWAYS_SEARCH_USER_PATHS = NO;
				ASSETCATALOG_COMPILER_GENERATE_SWIFT_ASSET_SYMBOL_EXTENSIONS = YES;
				CLANG_ANALYZER_NONNULL = YES;
				CLANG_ANALYZER_NUMBER_OBJECT_CONVERSION = YES_AGGRESSIVE;
				CLANG_CXX_LANGUAGE_STANDARD = "gnu++20";
				CLANG_ENABLE_MODULES = YES;
				CLANG_ENABLE_OBJC_ARC = YES;
				CLANG_ENABLE_OBJC_WEAK = YES;
				CLANG_WARN_BLOCK_CAPTURE_AUTORELEASING = YES;
				CLANG_WARN_BOOL_CONVERSION = YES;
				CLANG_WARN_COMMA = YES;
				CLANG_WARN_CONSTANT_CONVERSION = YES;
				CLANG_WARN_DEPRECATED_OBJC_IMPLEMENTATIONS = YES;
				CLANG_WARN_DIRECT_OBJC_ISA_USAGE = YES_ERROR;
				CLANG_WARN_DOCUMENTATION_COMMENTS = YES;
				CLANG_WARN_EMPTY_BODY = YES;
				CLANG_WARN_ENUM_CONVERSION = YES;
				CLANG_WARN_INFINITE_RECURSION = YES;
				CLANG_WARN_INT_CONVERSION = YES;
				CLANG_WARN_NON_LITERAL_NULL_CONVERSION = YES;
				CLANG_WARN_OBJC_IMPLICIT_RETAIN_SELF = YES;
				CLANG_WARN_OBJC_LITERAL_CONVERSION = YES;
				CLANG_WARN_OBJC_ROOT_CLASS = YES_ERROR;
				CLANG_WARN_QUOTED_INCLUDE_IN_FRAMEWORK_HEADER = YES;
				CLANG_WARN_RANGE_LOOP_ANALYSIS = YES;
				CLANG_WARN_STRICT_PROTOTYPES = YES;
				CLANG_WARN_SUSPICIOUS_MOVE = YES;
				CLANG_WARN_UNGUARDED_AVAILABILITY = YES_AGGRESSIVE;
				CLANG_WARN_UNREACHABLE_CODE = YES;
				CLANG_WARN__DUPLICATE_METHOD_MATCH = YES;
				COPY_PHASE_STRIP = NO;
				DEBUG_INFORMATION_FORMAT = "dwarf-with-dsym";
				ENABLE_NS_ASSERTIONS = NO;
				ENABLE_STRICT_OBJC_MSGSEND = YES;
				ENABLE_USER_SCRIPT_SANDBOXING = YES;
				GCC_C_LANGUAGE_STANDARD = gnu17;
				GCC_NO_COMMON_BLOCKS = YES;
				GCC_WARN_64_TO_32_BIT_CONVERSION = YES;
				GCC_WARN_ABOUT_RETURN_TYPE = YES_ERROR;
				GCC_WARN_UNDECLARED_SELECTOR = YES;
				GCC_WARN_UNINITIALIZED_AUTOS = YES_AGGRESSIVE;
				GCC_WARN_UNUSED_FUNCTION = YES;
				GCC_WARN_UNUSED_VARIABLE = YES;
				LOCALIZATION_PREFERS_STRING_CATALOGS = YES;
				MACOSX_DEPLOYMENT_TARGET = 13.6;
				MTL_ENABLE_DEBUG_INFO = NO;
				MTL_FAST_MATH = YES;
				SDKROOT = macosx;
			};
			name = Release;
		};
		05E6B3302CCA3ACF000A51F2 /* Debug */ = {
			isa = XCBuildConfiguration;
			buildSettings = {
				CODE_SIGN_STYLE = Automatic;
				DEVELOPMENT_TEAM = 44V2GK772X;
				ENABLE_HARDENED_RUNTIME = YES;
				PRODUCT_NAME = "$(TARGET_NAME)";
			};
			name = Debug;
		};
		05E6B3312CCA3ACF000A51F2 /* Release */ = {
			isa = XCBuildConfiguration;
			buildSettings = {
				CODE_SIGN_STYLE = Automatic;
				DEVELOPMENT_TEAM = 44V2GK772X;
				ENABLE_HARDENED_RUNTIME = YES;
				PRODUCT_NAME = "$(TARGET_NAME)";
			};
			name = Release;
		};
/* End XCBuildConfiguration section */

/* Begin XCConfigurationList section */
		05E6B3232CCA3ACF000A51F2 /* Build configuration list for PBXProject "Task1" */ = {
			isa = XCConfigurationList;
			buildConfigurations = (
				05E6B32D2CCA3ACF000A51F2 /* Debug */,
				05E6B32E2CCA3ACF000A51F2 /* Release */,
			);
			defaultConfigurationIsVisible = 0;
			defaultConfigurationName = Release;
		};
		05E6B32F2CCA3ACF000A51F2 /* Build configuration list for PBXNativeTarget "Task1" */ = {
			isa = XCConfigurationList;
			buildConfigurations = (
				05E6B3302CCA3ACF000A51F2 /* Debug */,
				05E6B3312CCA3ACF000A51F2 /* Release */,
			);
			defaultConfigurationIsVisible = 0;
			defaultConfigurationName = Release;
		};
/* End XCConfigurationList section */
	};
	rootObject = 05E6B3202CCA3ACF000A51F2 /* Project object */;
}
